// !$*UTF8*$!
{
	archiveVersion = 1;
	classes = {
	};
	objectVersion = 50;
	objects = {

/* Begin PBXBuildFile section */
		23E5987C2107BAD200E2802D /* AppDelegate.swift in Sources */ = {isa = PBXBuildFile; fileRef = 23E5987B2107BAD200E2802D /* AppDelegate.swift */; };
		23E5987E2107BAD200E2802D /* ViewController.swift in Sources */ = {isa = PBXBuildFile; fileRef = 23E5987D2107BAD200E2802D /* ViewController.swift */; };
		23E598812107BAD200E2802D /* Main.storyboard in Resources */ = {isa = PBXBuildFile; fileRef = 23E5987F2107BAD200E2802D /* Main.storyboard */; };
		23E598832107BAD300E2802D /* Assets.xcassets in Resources */ = {isa = PBXBuildFile; fileRef = 23E598822107BAD300E2802D /* Assets.xcassets */; };
		23E598862107BAD300E2802D /* LaunchScreen.storyboard in Resources */ = {isa = PBXBuildFile; fileRef = 23E598842107BAD300E2802D /* LaunchScreen.storyboard */; };
		23E5988E2107BD7900E2802D /* PlacesLoader.swift in Sources */ = {isa = PBXBuildFile; fileRef = 23E5988D2107BD7900E2802D /* PlacesLoader.swift */; };
		23E598902107C1FC00E2802D /* Place.swift in Sources */ = {isa = PBXBuildFile; fileRef = 23E5988F2107C1FC00E2802D /* Place.swift */; };
		23E598942107C41B00E2802D /* ARAnnotation.swift in Sources */ = {isa = PBXBuildFile; fileRef = 23E598932107C41B00E2802D /* ARAnnotation.swift */; };
		23E598962107C4FD00E2802D /* ARAnnotationView.swift in Sources */ = {isa = PBXBuildFile; fileRef = 23E598952107C4FD00E2802D /* ARAnnotationView.swift */; };
/* End PBXBuildFile section */

/* Begin PBXFileReference section */
		23E598782107BAD200E2802D /* LocationBasedAR.app */ = {isa = PBXFileReference; explicitFileType = wrapper.application; includeInIndex = 0; path = LocationBasedAR.app; sourceTree = BUILT_PRODUCTS_DIR; };
		23E5987B2107BAD200E2802D /* AppDelegate.swift */ = {isa = PBXFileReference; lastKnownFileType = sourcecode.swift; path = AppDelegate.swift; sourceTree = "<group>"; };
		23E5987D2107BAD200E2802D /* ViewController.swift */ = {isa = PBXFileReference; lastKnownFileType = sourcecode.swift; path = ViewController.swift; sourceTree = "<group>"; };
		23E598802107BAD200E2802D /* Base */ = {isa = PBXFileReference; lastKnownFileType = file.storyboard; name = Base; path = Base.lproj/Main.storyboard; sourceTree = "<group>"; };
		23E598822107BAD300E2802D /* Assets.xcassets */ = {isa = PBXFileReference; lastKnownFileType = folder.assetcatalog; path = Assets.xcassets; sourceTree = "<group>"; };
		23E598852107BAD300E2802D /* Base */ = {isa = PBXFileReference; lastKnownFileType = file.storyboard; name = Base; path = Base.lproj/LaunchScreen.storyboard; sourceTree = "<group>"; };
		23E598872107BAD300E2802D /* Info.plist */ = {isa = PBXFileReference; lastKnownFileType = text.plist.xml; path = Info.plist; sourceTree = "<group>"; };
		23E5988D2107BD7900E2802D /* PlacesLoader.swift */ = {isa = PBXFileReference; lastKnownFileType = sourcecode.swift; path = PlacesLoader.swift; sourceTree = "<group>"; };
		23E5988F2107C1FC00E2802D /* Place.swift */ = {isa = PBXFileReference; lastKnownFileType = sourcecode.swift; path = Place.swift; sourceTree = "<group>"; };
		23E598932107C41B00E2802D /* ARAnnotation.swift */ = {isa = PBXFileReference; lastKnownFileType = sourcecode.swift; path = ARAnnotation.swift; sourceTree = "<group>"; };
		23E598952107C4FD00E2802D /* ARAnnotationView.swift */ = {isa = PBXFileReference; lastKnownFileType = sourcecode.swift; path = ARAnnotationView.swift; sourceTree = "<group>"; };
/* End PBXFileReference section */

/* Begin PBXFrameworksBuildPhase section */
		23E598752107BAD200E2802D /* Frameworks */ = {
			isa = PBXFrameworksBuildPhase;
			buildActionMask = 2147483647;
			files = (
			);
			runOnlyForDeploymentPostprocessing = 0;
		};
/* End PBXFrameworksBuildPhase section */

/* Begin PBXGroup section */
		23E5986F2107BAD200E2802D = {
			isa = PBXGroup;
			children = (
				23E5987A2107BAD200E2802D /* LocationBasedAR */,
				23E598792107BAD200E2802D /* Products */,
			);
			sourceTree = "<group>";
		};
		23E598792107BAD200E2802D /* Products */ = {
			isa = PBXGroup;
			children = (
				23E598782107BAD200E2802D /* LocationBasedAR.app */,
			);
			name = Products;
			sourceTree = "<group>";
		};
		23E5987A2107BAD200E2802D /* LocationBasedAR */ = {
			isa = PBXGroup;
			children = (
				23E5987D2107BAD200E2802D /* ViewController.swift */,
				23E5988D2107BD7900E2802D /* PlacesLoader.swift */,
				23E5988F2107C1FC00E2802D /* Place.swift */,
				23E598912107C3DA00E2802D /* AugmentedReality */,
				23E5989C21090A0200E2802D /* Application */,
				23E5989B210909ED00E2802D /* UI */,
			);
			path = LocationBasedAR;
			sourceTree = "<group>";
		};
		23E598912107C3DA00E2802D /* AugmentedReality */ = {
			isa = PBXGroup;
			children = (
				23E598922107C3F400E2802D /* Classes */,
			);
			path = AugmentedReality;
			sourceTree = "<group>";
		};
		23E598922107C3F400E2802D /* Classes */ = {
			isa = PBXGroup;
			children = (
				23E598932107C41B00E2802D /* ARAnnotation.swift */,
				23E598952107C4FD00E2802D /* ARAnnotationView.swift */,
			);
			path = Classes;
			sourceTree = "<group>";
		};
		23E5989B210909ED00E2802D /* UI */ = {
			isa = PBXGroup;
			children = (
				23E5987F2107BAD200E2802D /* Main.storyboard */,
				23E598842107BAD300E2802D /* LaunchScreen.storyboard */,
			);
			path = UI;
			sourceTree = "<group>";
		};
		23E5989C21090A0200E2802D /* Application */ = {
			isa = PBXGroup;
			children = (
				23E5987B2107BAD200E2802D /* AppDelegate.swift */,
				23E598872107BAD300E2802D /* Info.plist */,
				23E598822107BAD300E2802D /* Assets.xcassets */,
			);
			path = Application;
			sourceTree = "<group>";
		};
/* End PBXGroup section */

/* Begin PBXNativeTarget section */
		23E598772107BAD200E2802D /* LocationBasedAR */ = {
			isa = PBXNativeTarget;
			buildConfigurationList = 23E5988A2107BAD300E2802D /* Build configuration list for PBXNativeTarget "LocationBasedAR" */;
			buildPhases = (
				23E598742107BAD200E2802D /* Sources */,
				23E598752107BAD200E2802D /* Frameworks */,
				23E598762107BAD200E2802D /* Resources */,
			);
			buildRules = (
			);
			dependencies = (
			);
			name = LocationBasedAR;
			productName = LocationBasedAR;
			productReference = 23E598782107BAD200E2802D /* LocationBasedAR.app */;
			productType = "com.apple.product-type.application";
		};
/* End PBXNativeTarget section */

/* Begin PBXProject section */
		23E598702107BAD200E2802D /* Project object */ = {
			isa = PBXProject;
			attributes = {
				LastSwiftUpdateCheck = 0940;
				LastUpgradeCheck = 0940;
				ORGANIZATIONNAME = "Carlos Arenas";
				TargetAttributes = {
					23E598772107BAD200E2802D = {
						CreatedOnToolsVersion = 9.4.1;
					};
				};
			};
			buildConfigurationList = 23E598732107BAD200E2802D /* Build configuration list for PBXProject "LocationBasedAR" */;
			compatibilityVersion = "Xcode 9.3";
			developmentRegion = en;
			hasScannedForEncodings = 0;
			knownRegions = (
				en,
				Base,
			);
			mainGroup = 23E5986F2107BAD200E2802D;
			productRefGroup = 23E598792107BAD200E2802D /* Products */;
			projectDirPath = "";
			projectRoot = "";
			targets = (
				23E598772107BAD200E2802D /* LocationBasedAR */,
			);
		};
/* End PBXProject section */

/* Begin PBXResourcesBuildPhase section */
		23E598762107BAD200E2802D /* Resources */ = {
			isa = PBXResourcesBuildPhase;
			buildActionMask = 2147483647;
			files = (
				23E598862107BAD300E2802D /* LaunchScreen.storyboard in Resources */,
				23E598832107BAD300E2802D /* Assets.xcassets in Resources */,
				23E598812107BAD200E2802D /* Main.storyboard in Resources */,
			);
			runOnlyForDeploymentPostprocessing = 0;
		};
/* End PBXResourcesBuildPhase section */

/* Begin PBXSourcesBuildPhase section */
		23E598742107BAD200E2802D /* Sources */ = {
			isa = PBXSourcesBuildPhase;
			buildActionMask = 2147483647;
			files = (
				23E5988E2107BD7900E2802D /* PlacesLoader.swift in Sources */,
				23E5987E2107BAD200E2802D /* ViewController.swift in Sources */,
				23E5987C2107BAD200E2802D /* AppDelegate.swift in Sources */,
				23E598942107C41B00E2802D /* ARAnnotation.swift in Sources */,
				23E598962107C4FD00E2802D /* ARAnnotationView.swift in Sources */,
				23E598902107C1FC00E2802D /* Place.swift in Sources */,
			);
			runOnlyForDeploymentPostprocessing = 0;
		};
/* End PBXSourcesBuildPhase section */

/* Begin PBXVariantGroup section */
		23E5987F2107BAD200E2802D /* Main.storyboard */ = {
			isa = PBXVariantGroup;
			children = (
				23E598802107BAD200E2802D /* Base */,
			);
			name = Main.storyboard;
			sourceTree = "<group>";
		};
		23E598842107BAD300E2802D /* LaunchScreen.storyboard */ = {
			isa = PBXVariantGroup;
			children = (
				23E598852107BAD300E2802D /* Base */,
			);
			name = LaunchScreen.storyboard;
			sourceTree = "<group>";
		};
/* End PBXVariantGroup section */

/* Begin XCBuildConfiguration section */
		23E598882107BAD300E2802D /* Debug */ = {
			isa = XCBuildConfiguration;
			buildSettings = {
				ALWAYS_SEARCH_USER_PATHS = NO;
				CLANG_ANALYZER_NONNULL = YES;
				CLANG_ANALYZER_NUMBER_OBJECT_CONVERSION = YES_AGGRESSIVE;
				CLANG_CXX_LANGUAGE_STANDARD = "gnu++14";
				CLANG_CXX_LIBRARY = "libc++";
				CLANG_ENABLE_MODULES = YES;
				CLANG_ENABLE_OBJC_ARC = YES;
				CLANG_ENABLE_OBJC_WEAK = YES;
				CLANG_WARN_BLOCK_CAPTURE_AUTORELEASING = YES;
				CLANG_WARN_BOOL_CONVERSION = YES;
				CLANG_WARN_COMMA = YES;
				CLANG_WARN_CONSTANT_CONVERSION = YES;
				CLANG_WARN_DEPRECATED_OBJC_IMPLEMENTATIONS = YES;
				CLANG_WARN_DIRECT_OBJC_ISA_USAGE = YES_ERROR;
				CLANG_WARN_DOCUMENTATION_COMMENTS = YES;
				CLANG_WARN_EMPTY_BODY = YES;
				CLANG_WARN_ENUM_CONVERSION = YES;
				CLANG_WARN_INFINITE_RECURSION = YES;
				CLANG_WARN_INT_CONVERSION = YES;
				CLANG_WARN_NON_LITERAL_NULL_CONVERSION = YES;
				CLANG_WARN_OBJC_IMPLICIT_RETAIN_SELF = YES;
				CLANG_WARN_OBJC_LITERAL_CONVERSION = YES;
				CLANG_WARN_OBJC_ROOT_CLASS = YES_ERROR;
				CLANG_WARN_RANGE_LOOP_ANALYSIS = YES;
				CLANG_WARN_STRICT_PROTOTYPES = YES;
				CLANG_WARN_SUSPICIOUS_MOVE = YES;
				CLANG_WARN_UNGUARDED_AVAILABILITY = YES_AGGRESSIVE;
				CLANG_WARN_UNREACHABLE_CODE = YES;
				CLANG_WARN__DUPLICATE_METHOD_MATCH = YES;
				CODE_SIGN_IDENTITY = "iPhone Developer";
				COPY_PHASE_STRIP = NO;
				DEBUG_INFORMATION_FORMAT = dwarf;
				ENABLE_STRICT_OBJC_MSGSEND = YES;
				ENABLE_TESTABILITY = YES;
				GCC_C_LANGUAGE_STANDARD = gnu11;
				GCC_DYNAMIC_NO_PIC = NO;
				GCC_NO_COMMON_BLOCKS = YES;
				GCC_OPTIMIZATION_LEVEL = 0;
				GCC_PREPROCESSOR_DEFINITIONS = (
					"DEBUG=1",
					"$(inherited)",
				);
				GCC_WARN_64_TO_32_BIT_CONVERSION = YES;
				GCC_WARN_ABOUT_RETURN_TYPE = YES_ERROR;
				GCC_WARN_UNDECLARED_SELECTOR = YES;
				GCC_WARN_UNINITIALIZED_AUTOS = YES_AGGRESSIVE;
				GCC_WARN_UNUSED_FUNCTION = YES;
				GCC_WARN_UNUSED_VARIABLE = YES;
				IPHONEOS_DEPLOYMENT_TARGET = 11.4;
				MTL_ENABLE_DEBUG_INFO = YES;
				ONLY_ACTIVE_ARCH = YES;
				SDKROOT = iphoneos;
				SWIFT_ACTIVE_COMPILATION_CONDITIONS = DEBUG;
				SWIFT_OPTIMIZATION_LEVEL = "-Onone";
			};
			name = Debug;
		};
		23E598892107BAD300E2802D /* Release */ = {
			isa = XCBuildConfiguration;
			buildSettings = {
				ALWAYS_SEARCH_USER_PATHS = NO;
				CLANG_ANALYZER_NONNULL = YES;
				CLANG_ANALYZER_NUMBER_OBJECT_CONVERSION = YES_AGGRESSIVE;
				CLANG_CXX_LANGUAGE_STANDARD = "gnu++14";
				CLANG_CXX_LIBRARY = "libc++";
				CLANG_ENABLE_MODULES = YES;
				CLANG_ENABLE_OBJC_ARC = YES;
				CLANG_ENABLE_OBJC_WEAK = YES;
				CLANG_WARN_BLOCK_CAPTURE_AUTORELEASING = YES;
				CLANG_WARN_BOOL_CONVERSION = YES;
				CLANG_WARN_COMMA = YES;
				CLANG_WARN_CONSTANT_CONVERSION = YES;
				CLANG_WARN_DEPRECATED_OBJC_IMPLEMENTATIONS = YES;
				CLANG_WARN_DIRECT_OBJC_ISA_USAGE = YES_ERROR;
				CLANG_WARN_DOCUMENTATION_COMMENTS = YES;
				CLANG_WARN_EMPTY_BODY = YES;
				CLANG_WARN_ENUM_CONVERSION = YES;
				CLANG_WARN_INFINITE_RECURSION = YES;
				CLANG_WARN_INT_CONVERSION = YES;
				CLANG_WARN_NON_LITERAL_NULL_CONVERSION = YES;
				CLANG_WARN_OBJC_IMPLICIT_RETAIN_SELF = YES;
				CLANG_WARN_OBJC_LITERAL_CONVERSION = YES;
				CLANG_WARN_OBJC_ROOT_CLASS = YES_ERROR;
				CLANG_WARN_RANGE_LOOP_ANALYSIS = YES;
				CLANG_WARN_STRICT_PROTOTYPES = YES;
				CLANG_WARN_SUSPICIOUS_MOVE = YES;
				CLANG_WARN_UNGUARDED_AVAILABILITY = YES_AGGRESSIVE;
				CLANG_WARN_UNREACHABLE_CODE = YES;
				CLANG_WARN__DUPLICATE_METHOD_MATCH = YES;
				CODE_SIGN_IDENTITY = "iPhone Developer";
				COPY_PHASE_STRIP = NO;
				DEBUG_INFORMATION_FORMAT = "dwarf-with-dsym";
				ENABLE_NS_ASSERTIONS = NO;
				ENABLE_STRICT_OBJC_MSGSEND = YES;
				GCC_C_LANGUAGE_STANDARD = gnu11;
				GCC_NO_COMMON_BLOCKS = YES;
				GCC_WARN_64_TO_32_BIT_CONVERSION = YES;
				GCC_WARN_ABOUT_RETURN_TYPE = YES_ERROR;
				GCC_WARN_UNDECLARED_SELECTOR = YES;
				GCC_WARN_UNINITIALIZED_AUTOS = YES_AGGRESSIVE;
				GCC_WARN_UNUSED_FUNCTION = YES;
				GCC_WARN_UNUSED_VARIABLE = YES;
				IPHONEOS_DEPLOYMENT_TARGET = 11.4;
				MTL_ENABLE_DEBUG_INFO = NO;
				SDKROOT = iphoneos;
				SWIFT_COMPILATION_MODE = wholemodule;
				SWIFT_OPTIMIZATION_LEVEL = "-O";
				VALIDATE_PRODUCT = YES;
			};
			name = Release;
		};
		23E5988B2107BAD300E2802D /* Debug */ = {
			isa = XCBuildConfiguration;
			buildSettings = {
				ASSETCATALOG_COMPILER_APPICON_NAME = AppIcon;
				CODE_SIGN_STYLE = Automatic;
				INFOPLIST_FILE = LocationBasedAR/Info.plist;
				LD_RUNPATH_SEARCH_PATHS = (
					"$(inherited)",
					"@executable_path/Frameworks",
				);
				PRODUCT_BUNDLE_IDENTIFIER = ca.LocationBasedAR;
				PRODUCT_NAME = "$(TARGET_NAME)";
				SWIFT_VERSION = 4.0;
				TARGETED_DEVICE_FAMILY = "1,2";
			};
			name = Debug;
		};
		23E5988C2107BAD300E2802D /* Release */ = {
			isa = XCBuildConfiguration;
			buildSettings = {
				ASSETCATALOG_COMPILER_APPICON_NAME = AppIcon;
				CODE_SIGN_STYLE = Automatic;
				INFOPLIST_FILE = LocationBasedAR/Info.plist;
				LD_RUNPATH_SEARCH_PATHS = (
					"$(inherited)",
					"@executable_path/Frameworks",
				);
				PRODUCT_BUNDLE_IDENTIFIER = ca.LocationBasedAR;
				PRODUCT_NAME = "$(TARGET_NAME)";
				SWIFT_VERSION = 4.0;
				TARGETED_DEVICE_FAMILY = "1,2";
			};
			name = Release;
		};
/* End XCBuildConfiguration section */

/* Begin XCConfigurationList section */
		23E598732107BAD200E2802D /* Build configuration list for PBXProject "LocationBasedAR" */ = {
			isa = XCConfigurationList;
			buildConfigurations = (
				23E598882107BAD300E2802D /* Debug */,
				23E598892107BAD300E2802D /* Release */,
			);
			defaultConfigurationIsVisible = 0;
			defaultConfigurationName = Release;
		};
		23E5988A2107BAD300E2802D /* Build configuration list for PBXNativeTarget "LocationBasedAR" */ = {
			isa = XCConfigurationList;
			buildConfigurations = (
				23E5988B2107BAD300E2802D /* Debug */,
				23E5988C2107BAD300E2802D /* Release */,
			);
			defaultConfigurationIsVisible = 0;
			defaultConfigurationName = Release;
		};
/* End XCConfigurationList section */
	};
	rootObject = 23E598702107BAD200E2802D /* Project object */;
}
